{
  "name": "elenchos",
  "version": "0.1.2",
  "lockfileVersion": 3,
  "requires": true,
  "packages": {
    "": {
      "name": "elenchos",
      "version": "0.1.2",
      "license": "MIT",
      "bin": {
        "elenchos": "src/cli.mjs"
      },
      "engines": {
        "node": ">=20"
      }
    }
  }
}
